
Microsoft Visual Studio Solution File, Format Version 12.00
# Visual Studio Version 17
VisualStudioVersion = 17.6.33829.357
MinimumVisualStudioVersion = 10.0.40219.1
Project("{9A19103F-16F7-4668-BE54-9A1E7A4F7556}") = "CrudApp", "CodeFirstapproach-CrudApp\CrudApp.csproj", "{9AF7FE2D-3104-4042-B24C-AA6085BA9C2B}"
EndProject
Global
	GlobalSection(SolutionConfigurationPlatforms) = preSolution
		Debug|Any CPU = Debug|Any CPU
		Release|Any CPU = Release|Any CPU
	EndGlobalSection
	GlobalSection(ProjectConfigurationPlatforms) = postSolution
		{9AF7FE2D-3104-4042-B24C-AA6085BA9C2B}.Debug|Any CPU.ActiveCfg = Debug|Any CPU
		{9AF7FE2D-3104-4042-B24C-AA6085BA9C2B}.Debug|Any CPU.Build.0 = Debug|Any CPU
		{9AF7FE2D-3104-4042-B24C-AA6085BA9C2B}.Release|Any CPU.ActiveCfg = Release|Any CPU
		{9AF7FE2D-3104-4042-B24C-AA6085BA9C2B}.Release|Any CPU.Build.0 = Release|Any CPU
	EndGlobalSection
	GlobalSection(SolutionProperties) = preSolution
		HideSolutionNode = FALSE
	EndGlobalSection
	GlobalSection(ExtensibilityGlobals) = postSolution
		SolutionGuid = {39FF2914-DD74-490C-A299-74C40399E3C9}
	EndGlobalSection
EndGlobal
